
Microsoft Visual Studio Solution File, Format Version 12.00
# Visual Studio Version 17
VisualStudioVersion = 17.3.32519.111
MinimumVisualStudioVersion = 10.0.40219.1
Project("{9A19103F-16F7-4668-BE54-9A1E7A4F7556}") = "CodeBreaker.WPF", "wpf\CodeBreaker.WPF\CodeBreaker.WPF.csproj", "{78BACAC6-FFD7-4325-8863-970FB54B5BB0}"
EndProject
Project("{9A19103F-16F7-4668-BE54-9A1E7A4F7556}") = "CodeBreaker.ViewModels", "wpf\CodeBreaker.ViewModels\CodeBreaker.ViewModels.csproj", "{B8A60FC8-A573-49EC-87CB-3D7D8269C637}"
EndProject
Project("{9A19103F-16F7-4668-BE54-9A1E7A4F7556}") = "CodeBreaker.Shared", "shared\CodeBreaker.Shared\CodeBreaker.Shared.csproj", "{941EA5AA-7731-4082-A9C8-E3D5CA53859C}"
EndProject
Global
	GlobalSection(SolutionConfigurationPlatforms) = preSolution
		Debug|Any CPU = Debug|Any CPU
		Release|Any CPU = Release|Any CPU
	EndGlobalSection
	GlobalSection(ProjectConfigurationPlatforms) = postSolution
		{78BACAC6-FFD7-4325-8863-970FB54B5BB0}.Debug|Any CPU.ActiveCfg = Debug|Any CPU
		{78BACAC6-FFD7-4325-8863-970FB54B5BB0}.Debug|Any CPU.Build.0 = Debug|Any CPU
		{78BACAC6-FFD7-4325-8863-970FB54B5BB0}.Release|Any CPU.ActiveCfg = Release|Any CPU
		{78BACAC6-FFD7-4325-8863-970FB54B5BB0}.Release|Any CPU.Build.0 = Release|Any CPU
		{B8A60FC8-A573-49EC-87CB-3D7D8269C637}.Debug|Any CPU.ActiveCfg = Debug|Any CPU
		{B8A60FC8-A573-49EC-87CB-3D7D8269C637}.Debug|Any CPU.Build.0 = Debug|Any CPU
		{B8A60FC8-A573-49EC-87CB-3D7D8269C637}.Release|Any CPU.ActiveCfg = Release|Any CPU
		{B8A60FC8-A573-49EC-87CB-3D7D8269C637}.Release|Any CPU.Build.0 = Release|Any CPU
		{941EA5AA-7731-4082-A9C8-E3D5CA53859C}.Debug|Any CPU.ActiveCfg = Debug|Any CPU
		{941EA5AA-7731-4082-A9C8-E3D5CA53859C}.Debug|Any CPU.Build.0 = Debug|Any CPU
		{941EA5AA-7731-4082-A9C8-E3D5CA53859C}.Release|Any CPU.ActiveCfg = Release|Any CPU
		{941EA5AA-7731-4082-A9C8-E3D5CA53859C}.Release|Any CPU.Build.0 = Release|Any CPU
	EndGlobalSection
	GlobalSection(SolutionProperties) = preSolution
		HideSolutionNode = FALSE
	EndGlobalSection
	GlobalSection(ExtensibilityGlobals) = postSolution
		SolutionGuid = {C0F81FA5-C090-4BDF-8759-D062DBA9CD26}
	EndGlobalSection
EndGlobal
